
Microsoft Visual Studio Solution File, Format Version 12.00
# Visual Studio Version 16
VisualStudioVersion = 16.0.30309.148
MinimumVisualStudioVersion = 10.0.40219.1
Project("{FAE04EC0-301F-11D3-BF4B-00C04F79EFBC}") = "ProjectEuler", "ProjectEuler\ProjectEuler.csproj", "{08103EF0-19CA-43DA-B41A-71D3AB7A8773}"
EndProject
Project("{FAE04EC0-301F-11D3-BF4B-00C04F79EFBC}") = "ProjectEuler.Tests", "ProjectEuler.Tests\ProjectEuler.Tests.csproj", "{B77ED88B-6ED8-4A19-A14C-934FCA05FE2C}"
EndProject
Project("{FAE04EC0-301F-11D3-BF4B-00C04F79EFBC}") = "ProjectEuler.Shared", "ProjectEuler.Shared\ProjectEuler.Shared.csproj", "{402235F9-A472-4815-AED8-8E8AF6264E8A}"
EndProject
Global
	GlobalSection(SolutionConfigurationPlatforms) = preSolution
		Debug|Any CPU = Debug|Any CPU
		Release|Any CPU = Release|Any CPU
	EndGlobalSection
	GlobalSection(ProjectConfigurationPlatforms) = postSolution
		{08103EF0-19CA-43DA-B41A-71D3AB7A8773}.Debug|Any CPU.ActiveCfg = Debug|Any CPU
		{08103EF0-19CA-43DA-B41A-71D3AB7A8773}.Debug|Any CPU.Build.0 = Debug|Any CPU
		{08103EF0-19CA-43DA-B41A-71D3AB7A8773}.Release|Any CPU.ActiveCfg = Release|Any CPU
		{08103EF0-19CA-43DA-B41A-71D3AB7A8773}.Release|Any CPU.Build.0 = Release|Any CPU
		{B77ED88B-6ED8-4A19-A14C-934FCA05FE2C}.Debug|Any CPU.ActiveCfg = Debug|Any CPU
		{B77ED88B-6ED8-4A19-A14C-934FCA05FE2C}.Debug|Any CPU.Build.0 = Debug|Any CPU
		{B77ED88B-6ED8-4A19-A14C-934FCA05FE2C}.Release|Any CPU.ActiveCfg = Release|Any CPU
		{B77ED88B-6ED8-4A19-A14C-934FCA05FE2C}.Release|Any CPU.Build.0 = Release|Any CPU
		{402235F9-A472-4815-AED8-8E8AF6264E8A}.Debug|Any CPU.ActiveCfg = Debug|Any CPU
		{402235F9-A472-4815-AED8-8E8AF6264E8A}.Debug|Any CPU.Build.0 = Debug|Any CPU
		{402235F9-A472-4815-AED8-8E8AF6264E8A}.Release|Any CPU.ActiveCfg = Release|Any CPU
		{402235F9-A472-4815-AED8-8E8AF6264E8A}.Release|Any CPU.Build.0 = Release|Any CPU
	EndGlobalSection
	GlobalSection(SolutionProperties) = preSolution
		HideSolutionNode = FALSE
	EndGlobalSection
	GlobalSection(ExtensibilityGlobals) = postSolution
		SolutionGuid = {8291F6D9-0EB3-4143-9ED2-1E27A1438581}
	EndGlobalSection
EndGlobal
